{
  "name": "toolbox-bug",
  "version": "1.0.0",
  "lockfileVersion": 3,
  "requires": true,
  "packages": {
    "": {
      "name": "toolbox-bug",
      "version": "1.0.0",
      "license": "ISC",
      "dependencies": {
        "@productive-codebases/toolbox": "^1.1.1"
      },
      "devDependencies": {
        "typescript": "^5.3.3"
      }
    },
    "node_modules/@productive-codebases/toolbox": {
      "version": "1.1.1",
      "resolved": "https://registry.npmjs.org/@productive-codebases/toolbox/-/toolbox-1.1.1.tgz",
      "integrity": "sha512-+ijw/qnX+mDepZoLdDpnzPMFqDtN8b9cCG3vaneIVOOfq1Mbs2rB6oSiQPvnnVMXoFxu21O3AFOXiwZ+A4Gu4w==",
      "peerDependencies": {
        "lodash.mergewith": ">=4.x"
      }
    },
    "node_modules/lodash.mergewith": {
      "version": "4.6.2",
      "resolved": "https://registry.npmjs.org/lodash.mergewith/-/lodash.mergewith-4.6.2.tgz",
      "integrity": "sha512-GK3g5RPZWTRSeLSpgP8Xhra+pnjBC56q9FZYe1d5RN3TJ35dbkGy3YqBSMbyCrlbi+CM9Z3Jk5yTL7RCsqboyQ==",
      "peer": true
    },
    "node_modules/typescript": {
      "version": "5.3.3",
      "resolved": "https://registry.npmjs.org/typescript/-/typescript-5.3.3.tgz",
      "integrity": "sha512-pXWcraxM0uxAS+tN0AG/BF2TyqmHO014Z070UsJ+pFvYuRSq8KH8DmWpnbXe0pEPDHXZV3FcAbJkijJ5oNEnWw==",
      "dev": true,
      "bin": {
        "tsc": "bin/tsc",
        "tsserver": "bin/tsserver"
      },
      "engines": {
        "node": ">=14.17"
      }
    }
  }
}
